// !$*UTF8*$!
{
	archiveVersion = 1;
	classes = {
	};
	objectVersion = 46;
	objects = {

/* Begin PBXBuildFile section */
		73107EE0700ADC840AEB8620 /* libPods-Murphy-Common.a in Frameworks */ = {isa = PBXBuildFile; fileRef = 2AC6AF1BF1927AB6591EB075 /* libPods-Murphy-Common.a */; };
		A11795161E36F73E004CD200 /* Murphy_Common.m in Sources */ = {isa = PBXBuildFile; fileRef = A11795151E36F73E004CD200 /* Murphy_Common.m */; };
		A11795171E36F73E004CD200 /* Murphy_Common.h in CopyFiles */ = {isa = PBXBuildFile; fileRef = A11795141E36F73E004CD200 /* Murphy_Common.h */; };
		A1ED36BC1E36F87A00A0BD2F /* UINavigationItem+BaseNavigationItem.m in Sources */ = {isa = PBXBuildFile; fileRef = A1ED36B21E36F87A00A0BD2F /* UINavigationItem+BaseNavigationItem.m */; };
		A1ED36BD1E36F87A00A0BD2F /* BaseViewController.m in Sources */ = {isa = PBXBuildFile; fileRef = A1ED36B41E36F87A00A0BD2F /* BaseViewController.m */; };
		A1ED36BE1E36F87A00A0BD2F /* BaseNavigationController.m in Sources */ = {isa = PBXBuildFile; fileRef = A1ED36B61E36F87A00A0BD2F /* BaseNavigationController.m */; };
		A1ED36BF1E36F87A00A0BD2F /* BaseNavigationBar.m in Sources */ = {isa = PBXBuildFile; fileRef = A1ED36B81E36F87A00A0BD2F /* BaseNavigationBar.m */; };
		A1ED36C01E36F87A00A0BD2F /* BaseNavBarButtonItem.m in Sources */ = {isa = PBXBuildFile; fileRef = A1ED36BA1E36F87A00A0BD2F /* BaseNavBarButtonItem.m */; };
/* End PBXBuildFile section */

/* Begin PBXCopyFilesBuildPhase section */
		A117950F1E36F73E004CD200 /* CopyFiles */ = {
			isa = PBXCopyFilesBuildPhase;
			buildActionMask = 2147483647;
			dstPath = "include/$(PRODUCT_NAME)";
			dstSubfolderSpec = 16;
			files = (
				A11795171E36F73E004CD200 /* Murphy_Common.h in CopyFiles */,
			);
			runOnlyForDeploymentPostprocessing = 0;
		};
/* End PBXCopyFilesBuildPhase section */

/* Begin PBXFileReference section */
		0CBD20C9FA23F01F4C087312 /* Pods-Murphy-Common.debug.xcconfig */ = {isa = PBXFileReference; includeInIndex = 1; lastKnownFileType = text.xcconfig; name = "Pods-Murphy-Common.debug.xcconfig"; path = "../Pods/Target Support Files/Pods-Murphy-Common/Pods-Murphy-Common.debug.xcconfig"; sourceTree = "<group>"; };
		2AC6AF1BF1927AB6591EB075 /* libPods-Murphy-Common.a */ = {isa = PBXFileReference; explicitFileType = archive.ar; includeInIndex = 0; path = "libPods-Murphy-Common.a"; sourceTree = BUILT_PRODUCTS_DIR; };
		4FB7E6D0E450283832FE241E /* Pods-Murphy-Common.release.xcconfig */ = {isa = PBXFileReference; includeInIndex = 1; lastKnownFileType = text.xcconfig; name = "Pods-Murphy-Common.release.xcconfig"; path = "../Pods/Target Support Files/Pods-Murphy-Common/Pods-Murphy-Common.release.xcconfig"; sourceTree = "<group>"; };
		A11795111E36F73E004CD200 /* libMurphy-Common.a */ = {isa = PBXFileReference; explicitFileType = archive.ar; includeInIndex = 0; path = "libMurphy-Common.a"; sourceTree = BUILT_PRODUCTS_DIR; };
		A11795141E36F73E004CD200 /* Murphy_Common.h */ = {isa = PBXFileReference; lastKnownFileType = sourcecode.c.h; path = Murphy_Common.h; sourceTree = "<group>"; };
		A11795151E36F73E004CD200 /* Murphy_Common.m */ = {isa = PBXFileReference; lastKnownFileType = sourcecode.c.objc; path = Murphy_Common.m; sourceTree = "<group>"; };
		A1ED36B21E36F87A00A0BD2F /* UINavigationItem+BaseNavigationItem.m */ = {isa = PBXFileReference; fileEncoding = 4; lastKnownFileType = sourcecode.c.objc; name = "UINavigationItem+BaseNavigationItem.m"; path = "ui/UINavigationItem+BaseNavigationItem.m"; sourceTree = "<group>"; };
		A1ED36B31E36F87A00A0BD2F /* UINavigationItem+BaseNavigationItem.h */ = {isa = PBXFileReference; fileEncoding = 4; lastKnownFileType = sourcecode.c.h; name = "UINavigationItem+BaseNavigationItem.h"; path = "ui/UINavigationItem+BaseNavigationItem.h"; sourceTree = "<group>"; };
		A1ED36B41E36F87A00A0BD2F /* BaseViewController.m */ = {isa = PBXFileReference; fileEncoding = 4; lastKnownFileType = sourcecode.c.objc; name = BaseViewController.m; path = ui/BaseViewController.m; sourceTree = "<group>"; };
		A1ED36B51E36F87A00A0BD2F /* BaseViewController.h */ = {isa = PBXFileReference; fileEncoding = 4; lastKnownFileType = sourcecode.c.h; name = BaseViewController.h; path = ui/BaseViewController.h; sourceTree = "<group>"; };
		A1ED36B61E36F87A00A0BD2F /* BaseNavigationController.m */ = {isa = PBXFileReference; fileEncoding = 4; lastKnownFileType = sourcecode.c.objc; name = BaseNavigationController.m; path = ui/BaseNavigationController.m; sourceTree = "<group>"; };
		A1ED36B71E36F87A00A0BD2F /* BaseNavigationController.h */ = {isa = PBXFileReference; fileEncoding = 4; lastKnownFileType = sourcecode.c.h; name = BaseNavigationController.h; path = ui/BaseNavigationController.h; sourceTree = "<group>"; };
		A1ED36B81E36F87A00A0BD2F /* BaseNavigationBar.m */ = {isa = PBXFileReference; fileEncoding = 4; lastKnownFileType = sourcecode.c.objc; name = BaseNavigationBar.m; path = ui/BaseNavigationBar.m; sourceTree = "<group>"; };
		A1ED36B91E36F87A00A0BD2F /* BaseNavigationBar.h */ = {isa = PBXFileReference; fileEncoding = 4; lastKnownFileType = sourcecode.c.h; name = BaseNavigationBar.h; path = ui/BaseNavigationBar.h; sourceTree = "<group>"; };
		A1ED36BA1E36F87A00A0BD2F /* BaseNavBarButtonItem.m */ = {isa = PBXFileReference; fileEncoding = 4; lastKnownFileType = sourcecode.c.objc; name = BaseNavBarButtonItem.m; path = ui/BaseNavBarButtonItem.m; sourceTree = "<group>"; };
		A1ED36BB1E36F87A00A0BD2F /* BaseNavBarButtonItem.h */ = {isa = PBXFileReference; fileEncoding = 4; lastKnownFileType = sourcecode.c.h; name = BaseNavBarButtonItem.h; path = ui/BaseNavBarButtonItem.h; sourceTree = "<group>"; };
		A1ED36C11E36F88400A0BD2F /* MXNetworkStatus.h */ = {isa = PBXFileReference; fileEncoding = 4; lastKnownFileType = sourcecode.c.h; name = MXNetworkStatus.h; path = data/MXNetworkStatus.h; sourceTree = "<group>"; };
		A1ED36C21E36F89000A0BD2F /* CommonHeader.h */ = {isa = PBXFileReference; fileEncoding = 4; lastKnownFileType = sourcecode.c.h; path = CommonHeader.h; sourceTree = "<group>"; };
/* End PBXFileReference section */

/* Begin PBXFrameworksBuildPhase section */
		A117950E1E36F73E004CD200 /* Frameworks */ = {
			isa = PBXFrameworksBuildPhase;
			buildActionMask = 2147483647;
			files = (
				73107EE0700ADC840AEB8620 /* libPods-Murphy-Common.a in Frameworks */,
			);
			runOnlyForDeploymentPostprocessing = 0;
		};
/* End PBXFrameworksBuildPhase section */

/* Begin PBXGroup section */
		081529E483DCE601587214D7 /* Frameworks */ = {
			isa = PBXGroup;
			children = (
				2AC6AF1BF1927AB6591EB075 /* libPods-Murphy-Common.a */,
			);
			name = Frameworks;
			sourceTree = "<group>";
		};
		63E3904DF4409B883B71E160 /* Pods */ = {
			isa = PBXGroup;
			children = (
				0CBD20C9FA23F01F4C087312 /* Pods-Murphy-Common.debug.xcconfig */,
				4FB7E6D0E450283832FE241E /* Pods-Murphy-Common.release.xcconfig */,
			);
			name = Pods;
			sourceTree = "<group>";
		};
		A11795081E36F73E004CD200 = {
			isa = PBXGroup;
			children = (
				A11795131E36F73E004CD200 /* Murphy-Common */,
				A11795121E36F73E004CD200 /* Products */,
				63E3904DF4409B883B71E160 /* Pods */,
				081529E483DCE601587214D7 /* Frameworks */,
			);
			sourceTree = "<group>";
		};
		A11795121E36F73E004CD200 /* Products */ = {
			isa = PBXGroup;
			children = (
				A11795111E36F73E004CD200 /* libMurphy-Common.a */,
			);
			name = Products;
			sourceTree = "<group>";
		};
		A11795131E36F73E004CD200 /* Murphy-Common */ = {
			isa = PBXGroup;
			children = (
				A1ED36C21E36F89000A0BD2F /* CommonHeader.h */,
				A1ED36B11E36F86800A0BD2F /* ui */,
				A1ED36B01E36F86200A0BD2F /* data */,
				A11795141E36F73E004CD200 /* Murphy_Common.h */,
				A11795151E36F73E004CD200 /* Murphy_Common.m */,
			);
			path = "Murphy-Common";
			sourceTree = "<group>";
		};
		A1ED36B01E36F86200A0BD2F /* data */ = {
			isa = PBXGroup;
			children = (
				A1ED36C11E36F88400A0BD2F /* MXNetworkStatus.h */,
			);
			name = data;
			sourceTree = "<group>";
		};
		A1ED36B11E36F86800A0BD2F /* ui */ = {
			isa = PBXGroup;
			children = (
				A1ED36B31E36F87A00A0BD2F /* UINavigationItem+BaseNavigationItem.h */,
				A1ED36B21E36F87A00A0BD2F /* UINavigationItem+BaseNavigationItem.m */,
				A1ED36B51E36F87A00A0BD2F /* BaseViewController.h */,
				A1ED36B41E36F87A00A0BD2F /* BaseViewController.m */,
				A1ED36B71E36F87A00A0BD2F /* BaseNavigationController.h */,
				A1ED36B61E36F87A00A0BD2F /* BaseNavigationController.m */,
				A1ED36B91E36F87A00A0BD2F /* BaseNavigationBar.h */,
				A1ED36B81E36F87A00A0BD2F /* BaseNavigationBar.m */,
				A1ED36BB1E36F87A00A0BD2F /* BaseNavBarButtonItem.h */,
				A1ED36BA1E36F87A00A0BD2F /* BaseNavBarButtonItem.m */,
			);
			name = ui;
			sourceTree = "<group>";
		};
/* End PBXGroup section */

/* Begin PBXNativeTarget section */
		A11795101E36F73E004CD200 /* Murphy-Common */ = {
			isa = PBXNativeTarget;
			buildConfigurationList = A117951A1E36F73E004CD200 /* Build configuration list for PBXNativeTarget "Murphy-Common" */;
			buildPhases = (
				6A7D2EA6639B2EF7129FCF87 /* [CP] Check Pods Manifest.lock */,
				A117950D1E36F73E004CD200 /* Sources */,
				A117950E1E36F73E004CD200 /* Frameworks */,
				A117950F1E36F73E004CD200 /* CopyFiles */,
				E33B3ECD090184C344044613 /* [CP] Copy Pods Resources */,
			);
			buildRules = (
			);
			dependencies = (
			);
			name = "Murphy-Common";
			productName = "Murphy-Common";
			productReference = A11795111E36F73E004CD200 /* libMurphy-Common.a */;
			productType = "com.apple.product-type.library.static";
		};
/* End PBXNativeTarget section */

/* Begin PBXProject section */
		A11795091E36F73E004CD200 /* Project object */ = {
			isa = PBXProject;
			attributes = {
				LastUpgradeCheck = 0810;
				ORGANIZATIONNAME = ipower;
				TargetAttributes = {
					A11795101E36F73E004CD200 = {
						CreatedOnToolsVersion = 8.1;
						ProvisioningStyle = Automatic;
					};
				};
			};
			buildConfigurationList = A117950C1E36F73E004CD200 /* Build configuration list for PBXProject "Murphy-Common" */;
			compatibilityVersion = "Xcode 3.2";
			developmentRegion = English;
			hasScannedForEncodings = 0;
			knownRegions = (
				en,
			);
			mainGroup = A11795081E36F73E004CD200;
			productRefGroup = A11795121E36F73E004CD200 /* Products */;
			projectDirPath = "";
			projectRoot = "";
			targets = (
				A11795101E36F73E004CD200 /* Murphy-Common */,
			);
		};
/* End PBXProject section */

/* Begin PBXShellScriptBuildPhase section */
		6A7D2EA6639B2EF7129FCF87 /* [CP] Check Pods Manifest.lock */ = {
			isa = PBXShellScriptBuildPhase;
			buildActionMask = 2147483647;
			files = (
			);
			inputPaths = (
			);
			name = "[CP] Check Pods Manifest.lock";
			outputPaths = (
			);
			runOnlyForDeploymentPostprocessing = 0;
			shellPath = /bin/sh;
			shellScript = "diff \"${PODS_ROOT}/../Podfile.lock\" \"${PODS_ROOT}/Manifest.lock\" > /dev/null\nif [ $? != 0 ] ; then\n    # print error to STDERR\n    echo \"error: The sandbox is not in sync with the Podfile.lock. Run 'pod install' or update your CocoaPods installation.\" >&2\n    exit 1\nfi\n";
			showEnvVarsInLog = 0;
		};
		E33B3ECD090184C344044613 /* [CP] Copy Pods Resources */ = {
			isa = PBXShellScriptBuildPhase;
			buildActionMask = 2147483647;
			files = (
			);
			inputPaths = (
			);
			name = "[CP] Copy Pods Resources";
			outputPaths = (
			);
			runOnlyForDeploymentPostprocessing = 0;
			shellPath = /bin/sh;
			shellScript = "\"${SRCROOT}/../Pods/Target Support Files/Pods-Murphy-Common/Pods-Murphy-Common-resources.sh\"\n";
			showEnvVarsInLog = 0;
		};
/* End PBXShellScriptBuildPhase section */

/* Begin PBXSourcesBuildPhase section */
		A117950D1E36F73E004CD200 /* Sources */ = {
			isa = PBXSourcesBuildPhase;
			buildActionMask = 2147483647;
			files = (
				A1ED36BE1E36F87A00A0BD2F /* BaseNavigationController.m in Sources */,
				A1ED36BC1E36F87A00A0BD2F /* UINavigationItem+BaseNavigationItem.m in Sources */,
				A1ED36BD1E36F87A00A0BD2F /* BaseViewController.m in Sources */,
				A1ED36C01E36F87A00A0BD2F /* BaseNavBarButtonItem.m in Sources */,
				A11795161E36F73E004CD200 /* Murphy_Common.m in Sources */,
				A1ED36BF1E36F87A00A0BD2F /* BaseNavigationBar.m in Sources */,
			);
			runOnlyForDeploymentPostprocessing = 0;
		};
/* End PBXSourcesBuildPhase section */

/* Begin XCBuildConfiguration section */
		A11795181E36F73E004CD200 /* Debug */ = {
			isa = XCBuildConfiguration;
			buildSettings = {
				ALWAYS_SEARCH_USER_PATHS = NO;
				CLANG_ANALYZER_NONNULL = YES;
				CLANG_CXX_LANGUAGE_STANDARD = "gnu++0x";
				CLANG_CXX_LIBRARY = "libc++";
				CLANG_ENABLE_MODULES = YES;
				CLANG_ENABLE_OBJC_ARC = YES;
				CLANG_WARN_BOOL_CONVERSION = YES;
				CLANG_WARN_CONSTANT_CONVERSION = YES;
				CLANG_WARN_DIRECT_OBJC_ISA_USAGE = YES_ERROR;
				CLANG_WARN_DOCUMENTATION_COMMENTS = YES;
				CLANG_WARN_EMPTY_BODY = YES;
				CLANG_WARN_ENUM_CONVERSION = YES;
				CLANG_WARN_INFINITE_RECURSION = YES;
				CLANG_WARN_INT_CONVERSION = YES;
				CLANG_WARN_OBJC_ROOT_CLASS = YES_ERROR;
				CLANG_WARN_SUSPICIOUS_MOVES = YES;
				CLANG_WARN_UNREACHABLE_CODE = YES;
				CLANG_WARN__DUPLICATE_METHOD_MATCH = YES;
				"CODE_SIGN_IDENTITY[sdk=iphoneos*]" = "iPhone Developer";
				COPY_PHASE_STRIP = NO;
				DEBUG_INFORMATION_FORMAT = dwarf;
				ENABLE_STRICT_OBJC_MSGSEND = YES;
				ENABLE_TESTABILITY = YES;
				GCC_C_LANGUAGE_STANDARD = gnu99;
				GCC_DYNAMIC_NO_PIC = NO;
				GCC_NO_COMMON_BLOCKS = YES;
				GCC_OPTIMIZATION_LEVEL = 0;
				GCC_PREPROCESSOR_DEFINITIONS = (
					"DEBUG=1",
					"$(inherited)",
				);
				GCC_WARN_64_TO_32_BIT_CONVERSION = YES;
				GCC_WARN_ABOUT_RETURN_TYPE = YES_ERROR;
				GCC_WARN_UNDECLARED_SELECTOR = YES;
				GCC_WARN_UNINITIALIZED_AUTOS = YES_AGGRESSIVE;
				GCC_WARN_UNUSED_FUNCTION = YES;
				GCC_WARN_UNUSED_VARIABLE = YES;
				IPHONEOS_DEPLOYMENT_TARGET = 10.1;
				MTL_ENABLE_DEBUG_INFO = YES;
				ONLY_ACTIVE_ARCH = YES;
				OTHER_LDFLAGS = "";
				SDKROOT = iphoneos;
			};
			name = Debug;
		};
		A11795191E36F73E004CD200 /* Release */ = {
			isa = XCBuildConfiguration;
			buildSettings = {
				ALWAYS_SEARCH_USER_PATHS = NO;
				CLANG_ANALYZER_NONNULL = YES;
				CLANG_CXX_LANGUAGE_STANDARD = "gnu++0x";
				CLANG_CXX_LIBRARY = "libc++";
				CLANG_ENABLE_MODULES = YES;
				CLANG_ENABLE_OBJC_ARC = YES;
				CLANG_WARN_BOOL_CONVERSION = YES;
				CLANG_WARN_CONSTANT_CONVERSION = YES;
				CLANG_WARN_DIRECT_OBJC_ISA_USAGE = YES_ERROR;
				CLANG_WARN_DOCUMENTATION_COMMENTS = YES;
				CLANG_WARN_EMPTY_BODY = YES;
				CLANG_WARN_ENUM_CONVERSION = YES;
				CLANG_WARN_INFINITE_RECURSION = YES;
				CLANG_WARN_INT_CONVERSION = YES;
				CLANG_WARN_OBJC_ROOT_CLASS = YES_ERROR;
				CLANG_WARN_SUSPICIOUS_MOVES = YES;
				CLANG_WARN_UNREACHABLE_CODE = YES;
				CLANG_WARN__DUPLICATE_METHOD_MATCH = YES;
				"CODE_SIGN_IDENTITY[sdk=iphoneos*]" = "iPhone Developer";
				COPY_PHASE_STRIP = NO;
				DEBUG_INFORMATION_FORMAT = "dwarf-with-dsym";
				ENABLE_NS_ASSERTIONS = NO;
				ENABLE_STRICT_OBJC_MSGSEND = YES;
				GCC_C_LANGUAGE_STANDARD = gnu99;
				GCC_NO_COMMON_BLOCKS = YES;
				GCC_WARN_64_TO_32_BIT_CONVERSION = YES;
				GCC_WARN_ABOUT_RETURN_TYPE = YES_ERROR;
				GCC_WARN_UNDECLARED_SELECTOR = YES;
				GCC_WARN_UNINITIALIZED_AUTOS = YES_AGGRESSIVE;
				GCC_WARN_UNUSED_FUNCTION = YES;
				GCC_WARN_UNUSED_VARIABLE = YES;
				IPHONEOS_DEPLOYMENT_TARGET = 10.1;
				MTL_ENABLE_DEBUG_INFO = NO;
				OTHER_LDFLAGS = "";
				SDKROOT = iphoneos;
				VALIDATE_PRODUCT = YES;
			};
			name = Release;
		};
		A117951B1E36F73E004CD200 /* Debug */ = {
			isa = XCBuildConfiguration;
			baseConfigurationReference = 0CBD20C9FA23F01F4C087312 /* Pods-Murphy-Common.debug.xcconfig */;
			buildSettings = {
				OTHER_LDFLAGS = (
					"$(inherited)",
					"-ObjC",
				);
				PRODUCT_NAME = "$(TARGET_NAME)";
				SKIP_INSTALL = YES;
			};
			name = Debug;
		};
		A117951C1E36F73E004CD200 /* Release */ = {
			isa = XCBuildConfiguration;
			baseConfigurationReference = 4FB7E6D0E450283832FE241E /* Pods-Murphy-Common.release.xcconfig */;
			buildSettings = {
				OTHER_LDFLAGS = (
					"$(inherited)",
					"-ObjC",
				);
				PRODUCT_NAME = "$(TARGET_NAME)";
				SKIP_INSTALL = YES;
			};
			name = Release;
		};
/* End XCBuildConfiguration section */

/* Begin XCConfigurationList section */
		A117950C1E36F73E004CD200 /* Build configuration list for PBXProject "Murphy-Common" */ = {
			isa = XCConfigurationList;
			buildConfigurations = (
				A11795181E36F73E004CD200 /* Debug */,
				A11795191E36F73E004CD200 /* Release */,
			);
			defaultConfigurationIsVisible = 0;
			defaultConfigurationName = Release;
		};
		A117951A1E36F73E004CD200 /* Build configuration list for PBXNativeTarget "Murphy-Common" */ = {
			isa = XCConfigurationList;
			buildConfigurations = (
				A117951B1E36F73E004CD200 /* Debug */,
				A117951C1E36F73E004CD200 /* Release */,
			);
			defaultConfigurationIsVisible = 0;
			defaultConfigurationName = Release;
		};
/* End XCConfigurationList section */
	};
	rootObject = A11795091E36F73E004CD200 /* Project object */;
}
